
Microsoft Visual Studio Solution File, Format Version 12.00
# Visual Studio 15
VisualStudioVersion = 15.0.28010.2016
MinimumVisualStudioVersion = 10.0.40219.1
Project("{9A19103F-16F7-4668-BE54-9A1E7A4F7556}") = "LUISUnitTestsTester", "LUISUnitTestsTester\LUISUnitTestsTester.csproj", "{E4046EF5-838A-467F-9B89-FEA7ABFBCCED}"
EndProject
Global
	GlobalSection(SolutionConfigurationPlatforms) = preSolution
		Debug|Any CPU = Debug|Any CPU
		Release|Any CPU = Release|Any CPU
	EndGlobalSection
	GlobalSection(ProjectConfigurationPlatforms) = postSolution
		{E4046EF5-838A-467F-9B89-FEA7ABFBCCED}.Debug|Any CPU.ActiveCfg = Debug|Any CPU
		{E4046EF5-838A-467F-9B89-FEA7ABFBCCED}.Debug|Any CPU.Build.0 = Debug|Any CPU
		{E4046EF5-838A-467F-9B89-FEA7ABFBCCED}.Release|Any CPU.ActiveCfg = Release|Any CPU
		{E4046EF5-838A-467F-9B89-FEA7ABFBCCED}.Release|Any CPU.Build.0 = Release|Any CPU
	EndGlobalSection
	GlobalSection(SolutionProperties) = preSolution
		HideSolutionNode = FALSE
	EndGlobalSection
	GlobalSection(ExtensibilityGlobals) = postSolution
		SolutionGuid = {2E9EEA10-66F2-4B2E-9FCF-3EE912FC4405}
	EndGlobalSection
EndGlobal
